version = 1
revision = 3
requires-python = "==3.13.*"
resolution-markers = [
    "sys_platform == 'linux'",
    "sys_platform != 'darwin' and sys_platform != 'linux'",
    "sys_platform == 'darwin'",
]

[[package]]
name = "cuda-bindings"
version = "13.4.2"
dependencies = [
]
wheels = [
]

[[package]]
name = "cuda-pathfinder"
version = "1.8.2"
wheels = [
]

[[package]]
name = "cuda-toolkit"
version = "13.0.3.0"
wheels = [
]

[package.optional-dependencies]
cublas = [
]
cudart = [
]
cufft = [
]
cufile = [
]
cupti = [
]
curand = [
]
cusolver = [
]
cusparse = [
]
nvjitlink = [
]
nvrtc = [
]
nvtx = [
]

[[package]]
name = "filelock"
version = "4.0.1"
wheels = [
]

[[package]]
name = "fsspec"
version = "2026.9.0"
wheels = [
]

[[package]]
name = "jinja2"
version = "3.1.6"
dependencies = [
    { name = "markupsafe" },
]
wheels = [
]

[[package]]
name = "leetgpu-local"
version = "0.1.0"
source = { virtual = "." }

[package.optional-dependencies]
gpu = [
    { name = "torch", version = "2.14.0", source = { registry = "https://download.pytorch.org/whl/cpu" }, marker = "sys_platform == 'darwin'" },
    { name = "torch", version = "2.14.0+cpu", source = { registry = "https://download.pytorch.org/whl/cpu" }, marker = "sys_platform != 'darwin' and sys_platform != 'linux'" },
    { name = "torch", version = "2.14.0+cu130", source = { registry = "https://download.pytorch.org/whl/cu130" }, marker = "sys_platform == 'linux'" },
]

[package.metadata]
requires-dist = [
    { name = "torch", marker = "sys_platform == 'linux' and extra == 'gpu'", specifier = ">=2.11.0,<3", index = "https://download.pytorch.org/whl/cu130" },
    { name = "torch", marker = "sys_platform != 'linux' and extra == 'gpu'", specifier = ">=2.11.0,<3", index = "https://download.pytorch.org/whl/cpu" },
]
provides-extras = ["gpu"]

[[package]]
name = "markupsafe"
version = "3.0.3"
wheels = [
]

[[package]]
name = "mpmath"
version = "1.3.0"
wheels = [
]

[[package]]
name = "networkx"
version = "3.6.1"
wheels = [
]

[[package]]
name = "nvidia-cublas"
version = "13.1.1.3"
dependencies = [
]
wheels = [
]

[[package]]
name = "nvidia-cuda-cupti"
version = "13.0.85"
wheels = [
]

[[package]]
name = "nvidia-cuda-nvrtc"
version = "13.0.88"
wheels = [
]

[[package]]
name = "nvidia-cuda-runtime"
version = "13.0.96"
wheels = [
]

[[package]]
name = "nvidia-cudnn-cu13"
version = "9.24.0.43"
dependencies = [
]
wheels = [
]

[[package]]
name = "nvidia-cufft"
version = "12.0.0.61"
dependencies = [
]
wheels = [
]

[[package]]
name = "nvidia-cufile"
version = "1.15.1.6"
wheels = [
]

[[package]]
name = "nvidia-curand"
version = "10.4.0.35"
wheels = [
]

[[package]]
name = "nvidia-cusolver"
version = "12.0.4.66"
dependencies = [
]
wheels = [
]

[[package]]
name = "nvidia-cusparse"
version = "12.6.3.3"
dependencies = [
]
wheels = [
]

[[package]]
name = "nvidia-cusparselt-cu13"
version = "0.8.1"
wheels = [
]

[[package]]
name = "nvidia-nccl-cu13"
version = "2.30.7"
wheels = [
]

[[package]]
name = "nvidia-nvjitlink"
version = "13.4.92"
wheels = [
]

[[package]]
name = "nvidia-nvshmem-cu13"
version = "3.4.5"
wheels = [
]

[[package]]
name = "nvidia-nvtx"
version = "13.0.85"
wheels = [
]

[[package]]
name = "setuptools"
version = "84.0.0"
wheels = [
]

[[package]]
name = "sympy"
version = "1.14.0"
dependencies = [
    { name = "mpmath" },
]
wheels = [
]

[[package]]
name = "torch"
version = "2.14.0"
source = { registry = "https://download.pytorch.org/whl/cpu" }
resolution-markers = [
    "sys_platform == 'darwin'",
]
dependencies = [
]
wheels = [
    { url = "https://download-r2.pytorch.org/whl/cpu/torch-2.14.0-cp313-cp313-macosx_14_0_arm64.whl", hash = "sha256:caf6359d64c0074bcb9f8641a169239118c8165a0a0fef79110c72bfd6474bec", upload-time = "2026-09-02T00:26:15Z" },
]

[[package]]
name = "torch"
version = "2.14.0+cpu"
source = { registry = "https://download.pytorch.org/whl/cpu" }
resolution-markers = [
    "sys_platform != 'darwin' and sys_platform != 'linux'",
]
dependencies = [
]
wheels = [
    { url = "https://download-r2.pytorch.org/whl/cpu/torch-2.14.0%2Bcpu-cp313-cp313-win_amd64.whl", hash = "sha256:f2ffdacd95d7090a8bdfa8426f5d1557625874b19a96ba23a41f640d4a0c9c28", upload-time = "2026-09-02T18:32:10Z" },
    { url = "https://download-r2.pytorch.org/whl/cpu/torch-2.14.0%2Bcpu-cp313-cp313-win_arm64.whl", hash = "sha256:4b1b78f8b9b1393576ef03cab0e6d941a6aa562b7539c45da12d80e86c09f9ed", upload-time = "2026-09-02T18:32:13Z" },
]

[[package]]
name = "torch"
version = "2.14.0+cu130"
source = { registry = "https://download.pytorch.org/whl/cu130" }
resolution-markers = [
    "sys_platform == 'linux'",
]
dependencies = [
]
wheels = [
    { url = "https://download-r2.pytorch.org/whl/cu130/torch-2.14.0%2Bcu130-cp313-cp313-manylinux_2_28_aarch64.whl", hash = "sha256:20ec4bb8944a847dee60e6d5536b415670dd5403342f36dbe08a6be5bf582e08", upload-time = "2026-09-02T18:52:41Z" },
    { url = "https://download-r2.pytorch.org/whl/cu130/torch-2.14.0%2Bcu130-cp313-cp313-manylinux_2_28_x86_64.whl", hash = "sha256:745010695e0458d6f28accb697b5371b6fd245aa8696530165f972cd126bbd8d", upload-time = "2026-09-02T18:52:56Z" },
]

[[package]]
name = "triton"
version = "3.8.0"
wheels = [
]

[[package]]
name = "typing-extensions"
version = "4.16.0"
wheels = [
]
